
Microsoft Visual Studio Solution File, Format Version 12.00
# Visual Studio Version 16
VisualStudioVersion = 16.0.30907.101
MinimumVisualStudioVersion = 10.0.40219.1
Project("{FAE04EC0-301F-11D3-BF4B-00C04F79EFBC}") = "ToqueDeCampana-Practica", "ToqueDeCampana-Practica\ToqueDeCampana-Practica.csproj", "{1D03A2EB-633A-4DE3-9B56-C2BC6B6EBA16}"
EndProject
Global
	GlobalSection(SolutionConfigurationPlatforms) = preSolution
		Debug|Any CPU = Debug|Any CPU
		Release|Any CPU = Release|Any CPU
	EndGlobalSection
	GlobalSection(ProjectConfigurationPlatforms) = postSolution
		{1D03A2EB-633A-4DE3-9B56-C2BC6B6EBA16}.Debug|Any CPU.ActiveCfg = Debug|Any CPU
		{1D03A2EB-633A-4DE3-9B56-C2BC6B6EBA16}.Debug|Any CPU.Build.0 = Debug|Any CPU
		{1D03A2EB-633A-4DE3-9B56-C2BC6B6EBA16}.Release|Any CPU.ActiveCfg = Release|Any CPU
		{1D03A2EB-633A-4DE3-9B56-C2BC6B6EBA16}.Release|Any CPU.Build.0 = Release|Any CPU
	EndGlobalSection
	GlobalSection(SolutionProperties) = preSolution
		HideSolutionNode = FALSE
	EndGlobalSection
	GlobalSection(ExtensibilityGlobals) = postSolution
		SolutionGuid = {F2244AB8-7A3B-47BC-902F-F5F85FF649C4}
	EndGlobalSection
EndGlobal
